
Microsoft Visual Studio Solution File, Format Version 12.00
# Visual Studio Version 17
VisualStudioVersion = 17.9.34902.65
MinimumVisualStudioVersion = 10.0.40219.1
Project("{9A19103F-16F7-4668-BE54-9A1E7A4F7556}") = "LinqEF", "..\LinqEF\LinqEF.csproj", "{F73641E0-6694-442B-9A90-31169A7DEE3F}"
EndProject
Project("{9A19103F-16F7-4668-BE54-9A1E7A4F7556}") = "ImmediateDeferred", "..\SimpleExample\ImmediateDeferred.csproj", "{E7A48193-DAF0-4BB0-A8DE-23307CD5B2AF}"
EndProject
Project("{9A19103F-16F7-4668-BE54-9A1E7A4F7556}") = "LinqXML", "..\LinqXML\LinqXML.csproj", "{BB9E9C46-4567-4C15-AACE-ACDCEEED065E}"
EndProject
Project("{9A19103F-16F7-4668-BE54-9A1E7A4F7556}") = "LinqCollections", "..\LinqCollections\LinqCollections.csproj", "{F8162588-E9C0-4246-9E36-ED02CD8C79D7}"
EndProject
Project("{9A19103F-16F7-4668-BE54-9A1E7A4F7556}") = "ParallellLinq", "..\ParallellLinq\ParallellLinq.csproj", "{ADBE0AA4-5223-4B72-9B97-DFD45350A708}"
EndProject
Project("{2150E333-8FDC-42A3-9474-1A3956D46DE8}") = "Providers", "Providers", "{DA6068E1-4E6F-4352-8392-216DF452DB57}"
EndProject
Project("{9A19103F-16F7-4668-BE54-9A1E7A4F7556}") = "LinqDeclarativeExamples", "..\LinqExamples\LinqDeclarativeExamples.csproj", "{F8B88D19-1E26-4DEF-92F0-2B9CCA295876}"
EndProject
Project("{9A19103F-16F7-4668-BE54-9A1E7A4F7556}") = "LinqUndeclarativeExamples", "..\LinqExtExamples\LinqUndeclarativeExamples.csproj", "{E4E7C437-7EE2-4E04-9F9A-0009303B2FF0}"
EndProject
Project("{2150E333-8FDC-42A3-9474-1A3956D46DE8}") = "Operators", "Operators", "{7DCC98C0-45C2-407F-A910-5E816B04AFCB}"
EndProject
Project("{9A19103F-16F7-4668-BE54-9A1E7A4F7556}") = "Filters", "Filters\Filters.csproj", "{F6C24807-B2E8-4B11-BDA2-5C7867C260E0}"
EndProject
Project("{9A19103F-16F7-4668-BE54-9A1E7A4F7556}") = "Projection", "Projection\Projection.csproj", "{3B14DEED-08F5-4A50-80B1-09BC129D3CC4}"
EndProject
Project("{9A19103F-16F7-4668-BE54-9A1E7A4F7556}") = "Conversation", "Conversation\Conversation.csproj", "{19E60B1B-CBDB-49EA-8C53-6D275DB1FDE7}"
EndProject
Project("{9A19103F-16F7-4668-BE54-9A1E7A4F7556}") = "SetOperations", "SetOperations\SetOperations.csproj", "{3C20AE7C-F62E-47BC-A1CC-BA7AA52843DE}"
EndProject
Project("{9A19103F-16F7-4668-BE54-9A1E7A4F7556}") = "Sorting", "Sorting\Sorting.csproj", "{9BF4349B-A2B2-4262-BA24-DDC2F455030F}"
EndProject
Project("{9A19103F-16F7-4668-BE54-9A1E7A4F7556}") = "Quantifier", "Quantifier\Quantifier.csproj", "{342E3F0B-4163-4817-953D-8BB2A758D10C}"
EndProject
Project("{FAE04EC0-301F-11D3-BF4B-00C04F79EFBC}") = "Partitioning", "Partitioning\Partitioning.csproj", "{0CF20600-CAD1-4E35-9AF4-3BA4FD438AD7}"
EndProject
Global
	GlobalSection(SolutionConfigurationPlatforms) = preSolution
		Debug|Any CPU = Debug|Any CPU
		Release|Any CPU = Release|Any CPU
	EndGlobalSection
	GlobalSection(ProjectConfigurationPlatforms) = postSolution
		{F73641E0-6694-442B-9A90-31169A7DEE3F}.Debug|Any CPU.ActiveCfg = Debug|Any CPU
		{F73641E0-6694-442B-9A90-31169A7DEE3F}.Debug|Any CPU.Build.0 = Debug|Any CPU
		{F73641E0-6694-442B-9A90-31169A7DEE3F}.Release|Any CPU.ActiveCfg = Release|Any CPU
		{F73641E0-6694-442B-9A90-31169A7DEE3F}.Release|Any CPU.Build.0 = Release|Any CPU
		{E7A48193-DAF0-4BB0-A8DE-23307CD5B2AF}.Debug|Any CPU.ActiveCfg = Debug|Any CPU
		{E7A48193-DAF0-4BB0-A8DE-23307CD5B2AF}.Debug|Any CPU.Build.0 = Debug|Any CPU
		{E7A48193-DAF0-4BB0-A8DE-23307CD5B2AF}.Release|Any CPU.ActiveCfg = Release|Any CPU
		{E7A48193-DAF0-4BB0-A8DE-23307CD5B2AF}.Release|Any CPU.Build.0 = Release|Any CPU
		{BB9E9C46-4567-4C15-AACE-ACDCEEED065E}.Debug|Any CPU.ActiveCfg = Debug|Any CPU
		{BB9E9C46-4567-4C15-AACE-ACDCEEED065E}.Debug|Any CPU.Build.0 = Debug|Any CPU
		{BB9E9C46-4567-4C15-AACE-ACDCEEED065E}.Release|Any CPU.ActiveCfg = Release|Any CPU
		{BB9E9C46-4567-4C15-AACE-ACDCEEED065E}.Release|Any CPU.Build.0 = Release|Any CPU
		{F8162588-E9C0-4246-9E36-ED02CD8C79D7}.Debug|Any CPU.ActiveCfg = Debug|Any CPU
		{F8162588-E9C0-4246-9E36-ED02CD8C79D7}.Debug|Any CPU.Build.0 = Debug|Any CPU
		{F8162588-E9C0-4246-9E36-ED02CD8C79D7}.Release|Any CPU.ActiveCfg = Release|Any CPU
		{F8162588-E9C0-4246-9E36-ED02CD8C79D7}.Release|Any CPU.Build.0 = Release|Any CPU
		{ADBE0AA4-5223-4B72-9B97-DFD45350A708}.Debug|Any CPU.ActiveCfg = Debug|Any CPU
		{ADBE0AA4-5223-4B72-9B97-DFD45350A708}.Debug|Any CPU.Build.0 = Debug|Any CPU
		{ADBE0AA4-5223-4B72-9B97-DFD45350A708}.Release|Any CPU.ActiveCfg = Release|Any CPU
		{ADBE0AA4-5223-4B72-9B97-DFD45350A708}.Release|Any CPU.Build.0 = Release|Any CPU
		{F8B88D19-1E26-4DEF-92F0-2B9CCA295876}.Debug|Any CPU.ActiveCfg = Debug|Any CPU
		{F8B88D19-1E26-4DEF-92F0-2B9CCA295876}.Debug|Any CPU.Build.0 = Debug|Any CPU
		{F8B88D19-1E26-4DEF-92F0-2B9CCA295876}.Release|Any CPU.ActiveCfg = Release|Any CPU
		{F8B88D19-1E26-4DEF-92F0-2B9CCA295876}.Release|Any CPU.Build.0 = Release|Any CPU
		{E4E7C437-7EE2-4E04-9F9A-0009303B2FF0}.Debug|Any CPU.ActiveCfg = Debug|Any CPU
		{E4E7C437-7EE2-4E04-9F9A-0009303B2FF0}.Debug|Any CPU.Build.0 = Debug|Any CPU
		{E4E7C437-7EE2-4E04-9F9A-0009303B2FF0}.Release|Any CPU.ActiveCfg = Release|Any CPU
		{E4E7C437-7EE2-4E04-9F9A-0009303B2FF0}.Release|Any CPU.Build.0 = Release|Any CPU
		{F6C24807-B2E8-4B11-BDA2-5C7867C260E0}.Debug|Any CPU.ActiveCfg = Debug|Any CPU
		{F6C24807-B2E8-4B11-BDA2-5C7867C260E0}.Debug|Any CPU.Build.0 = Debug|Any CPU
		{F6C24807-B2E8-4B11-BDA2-5C7867C260E0}.Release|Any CPU.ActiveCfg = Release|Any CPU
		{F6C24807-B2E8-4B11-BDA2-5C7867C260E0}.Release|Any CPU.Build.0 = Release|Any CPU
		{3B14DEED-08F5-4A50-80B1-09BC129D3CC4}.Debug|Any CPU.ActiveCfg = Debug|Any CPU
		{3B14DEED-08F5-4A50-80B1-09BC129D3CC4}.Debug|Any CPU.Build.0 = Debug|Any CPU
		{3B14DEED-08F5-4A50-80B1-09BC129D3CC4}.Release|Any CPU.ActiveCfg = Release|Any CPU
		{3B14DEED-08F5-4A50-80B1-09BC129D3CC4}.Release|Any CPU.Build.0 = Release|Any CPU
		{19E60B1B-CBDB-49EA-8C53-6D275DB1FDE7}.Debug|Any CPU.ActiveCfg = Debug|Any CPU
		{19E60B1B-CBDB-49EA-8C53-6D275DB1FDE7}.Debug|Any CPU.Build.0 = Debug|Any CPU
		{19E60B1B-CBDB-49EA-8C53-6D275DB1FDE7}.Release|Any CPU.ActiveCfg = Release|Any CPU
		{19E60B1B-CBDB-49EA-8C53-6D275DB1FDE7}.Release|Any CPU.Build.0 = Release|Any CPU
		{3C20AE7C-F62E-47BC-A1CC-BA7AA52843DE}.Debug|Any CPU.ActiveCfg = Debug|Any CPU
		{3C20AE7C-F62E-47BC-A1CC-BA7AA52843DE}.Debug|Any CPU.Build.0 = Debug|Any CPU
		{3C20AE7C-F62E-47BC-A1CC-BA7AA52843DE}.Release|Any CPU.ActiveCfg = Release|Any CPU
		{3C20AE7C-F62E-47BC-A1CC-BA7AA52843DE}.Release|Any CPU.Build.0 = Release|Any CPU
		{9BF4349B-A2B2-4262-BA24-DDC2F455030F}.Debug|Any CPU.ActiveCfg = Debug|Any CPU
		{9BF4349B-A2B2-4262-BA24-DDC2F455030F}.Debug|Any CPU.Build.0 = Debug|Any CPU
		{9BF4349B-A2B2-4262-BA24-DDC2F455030F}.Release|Any CPU.ActiveCfg = Release|Any CPU
		{9BF4349B-A2B2-4262-BA24-DDC2F455030F}.Release|Any CPU.Build.0 = Release|Any CPU
		{342E3F0B-4163-4817-953D-8BB2A758D10C}.Debug|Any CPU.ActiveCfg = Debug|Any CPU
		{342E3F0B-4163-4817-953D-8BB2A758D10C}.Debug|Any CPU.Build.0 = Debug|Any CPU
		{342E3F0B-4163-4817-953D-8BB2A758D10C}.Release|Any CPU.ActiveCfg = Release|Any CPU
		{342E3F0B-4163-4817-953D-8BB2A758D10C}.Release|Any CPU.Build.0 = Release|Any CPU
		{0CF20600-CAD1-4E35-9AF4-3BA4FD438AD7}.Debug|Any CPU.ActiveCfg = Debug|Any CPU
		{0CF20600-CAD1-4E35-9AF4-3BA4FD438AD7}.Debug|Any CPU.Build.0 = Debug|Any CPU
		{0CF20600-CAD1-4E35-9AF4-3BA4FD438AD7}.Release|Any CPU.ActiveCfg = Release|Any CPU
		{0CF20600-CAD1-4E35-9AF4-3BA4FD438AD7}.Release|Any CPU.Build.0 = Release|Any CPU
	EndGlobalSection
	GlobalSection(SolutionProperties) = preSolution
		HideSolutionNode = FALSE
	EndGlobalSection
	GlobalSection(NestedProjects) = preSolution
		{F73641E0-6694-442B-9A90-31169A7DEE3F} = {DA6068E1-4E6F-4352-8392-216DF452DB57}
		{BB9E9C46-4567-4C15-AACE-ACDCEEED065E} = {DA6068E1-4E6F-4352-8392-216DF452DB57}
		{F8162588-E9C0-4246-9E36-ED02CD8C79D7} = {DA6068E1-4E6F-4352-8392-216DF452DB57}
		{ADBE0AA4-5223-4B72-9B97-DFD45350A708} = {DA6068E1-4E6F-4352-8392-216DF452DB57}
		{F6C24807-B2E8-4B11-BDA2-5C7867C260E0} = {7DCC98C0-45C2-407F-A910-5E816B04AFCB}
		{3B14DEED-08F5-4A50-80B1-09BC129D3CC4} = {7DCC98C0-45C2-407F-A910-5E816B04AFCB}
		{19E60B1B-CBDB-49EA-8C53-6D275DB1FDE7} = {7DCC98C0-45C2-407F-A910-5E816B04AFCB}
		{3C20AE7C-F62E-47BC-A1CC-BA7AA52843DE} = {7DCC98C0-45C2-407F-A910-5E816B04AFCB}
		{9BF4349B-A2B2-4262-BA24-DDC2F455030F} = {7DCC98C0-45C2-407F-A910-5E816B04AFCB}
		{342E3F0B-4163-4817-953D-8BB2A758D10C} = {7DCC98C0-45C2-407F-A910-5E816B04AFCB}
		{0CF20600-CAD1-4E35-9AF4-3BA4FD438AD7} = {7DCC98C0-45C2-407F-A910-5E816B04AFCB}
	EndGlobalSection
	GlobalSection(ExtensibilityGlobals) = postSolution
		SolutionGuid = {1584C954-F072-419C-8478-414406CA6101}
	EndGlobalSection
EndGlobal
